
Microsoft Visual Studio Solution File, Format Version 12.00
# Visual Studio Version 16
VisualStudioVersion = 16.0.30406.217
MinimumVisualStudioVersion = 10.0.40219.1
Project("{FAE04EC0-301F-11D3-BF4B-00C04F79EFBC}") = "dondesalimos", "dondesalimos.csproj", "{D1F9C837-EFF9-4100-AE9A-3A00F539C2A4}"
EndProject
Global
	GlobalSection(SolutionConfigurationPlatforms) = preSolution
		Debug|Any CPU = Debug|Any CPU
		Release|Any CPU = Release|Any CPU
	EndGlobalSection
	GlobalSection(ProjectConfigurationPlatforms) = postSolution
		{D1F9C837-EFF9-4100-AE9A-3A00F539C2A4}.Debug|Any CPU.ActiveCfg = Debug|Any CPU
		{D1F9C837-EFF9-4100-AE9A-3A00F539C2A4}.Debug|Any CPU.Build.0 = Debug|Any CPU
		{D1F9C837-EFF9-4100-AE9A-3A00F539C2A4}.Release|Any CPU.ActiveCfg = Release|Any CPU
		{D1F9C837-EFF9-4100-AE9A-3A00F539C2A4}.Release|Any CPU.Build.0 = Release|Any CPU
	EndGlobalSection
	GlobalSection(SolutionProperties) = preSolution
		HideSolutionNode = FALSE
	EndGlobalSection
	GlobalSection(ExtensibilityGlobals) = postSolution
		SolutionGuid = {6E7D1817-23AA-4BAC-8561-F957C58530EC}
	EndGlobalSection
EndGlobal
